
Microsoft Visual Studio Solution File, Format Version 12.00
# Visual Studio Express 2013 for Windows Desktop
VisualStudioVersion = 12.0.31101.0
MinimumVisualStudioVersion = 10.0.40219.1
Project("{FAE04EC0-301F-11D3-BF4B-00C04F79EFBC}") = "Wpf6", "Wpf6\Wpf6.csproj", "{D445FC4E-A85E-4A58-8C2D-DF292D40A4C2}"
EndProject
Global
	GlobalSection(SolutionConfigurationPlatforms) = preSolution
		Debug|Any CPU = Debug|Any CPU
		Release|Any CPU = Release|Any CPU
	EndGlobalSection
	GlobalSection(ProjectConfigurationPlatforms) = postSolution
		{D445FC4E-A85E-4A58-8C2D-DF292D40A4C2}.Debug|Any CPU.ActiveCfg = Release|Any CPU
		{D445FC4E-A85E-4A58-8C2D-DF292D40A4C2}.Debug|Any CPU.Build.0 = Release|Any CPU
		{D445FC4E-A85E-4A58-8C2D-DF292D40A4C2}.Release|Any CPU.ActiveCfg = Release|Any CPU
		{D445FC4E-A85E-4A58-8C2D-DF292D40A4C2}.Release|Any CPU.Build.0 = Release|Any CPU
	EndGlobalSection
	GlobalSection(SolutionProperties) = preSolution
		HideSolutionNode = FALSE
	EndGlobalSection
EndGlobal
